
Microsoft Visual Studio Solution File, Format Version 12.00
# Visual Studio 15
VisualStudioVersion = 15.0.26730.15
MinimumVisualStudioVersion = 10.0.40219.1
Project("{FAE04EC0-301F-11D3-BF4B-00C04F79EFBC}") = "Product", "Product\Product.csproj", "{1DAC78CE-2A73-44B8-A2E9-A3C4F9333CD0}"
EndProject
Global
	GlobalSection(SolutionConfigurationPlatforms) = preSolution
		Debug|Any CPU = Debug|Any CPU
		Release|Any CPU = Release|Any CPU
	EndGlobalSection
	GlobalSection(ProjectConfigurationPlatforms) = postSolution
		{1DAC78CE-2A73-44B8-A2E9-A3C4F9333CD0}.Debug|Any CPU.ActiveCfg = Debug|Any CPU
		{1DAC78CE-2A73-44B8-A2E9-A3C4F9333CD0}.Debug|Any CPU.Build.0 = Debug|Any CPU
		{1DAC78CE-2A73-44B8-A2E9-A3C4F9333CD0}.Release|Any CPU.ActiveCfg = Release|Any CPU
		{1DAC78CE-2A73-44B8-A2E9-A3C4F9333CD0}.Release|Any CPU.Build.0 = Release|Any CPU
	EndGlobalSection
	GlobalSection(SolutionProperties) = preSolution
		HideSolutionNode = FALSE
	EndGlobalSection
	GlobalSection(ExtensibilityGlobals) = postSolution
		SolutionGuid = {EE2BA7F9-9F0C-440D-B638-B660A760E832}
	EndGlobalSection
EndGlobal
